
Microsoft Visual Studio Solution File, Format Version 12.00
# Visual Studio Version 17
VisualStudioVersion = 17.0.31903.59
MinimumVisualStudioVersion = 10.0.40219.1
Project("{FAE04EC0-301F-11D3-BF4B-00C04F79EFBC}") = "CarRentalService.Domain", "CarRentalService.Domain\CarRentalService.Domain.csproj", "{93B3FBEC-5D42-4B64-8A59-4D57E98DE397}"
EndProject
Project("{FAE04EC0-301F-11D3-BF4B-00C04F79EFBC}") = "CarRentalService.Tests", "CarRentalService.Test\CarRentalService.Tests.csproj", "{4DA134E4-D013-4CA9-97BB-C5DC5B4B78E8}"
EndProject
Global
	GlobalSection(SolutionConfigurationPlatforms) = preSolution
		Debug|Any CPU = Debug|Any CPU
		Release|Any CPU = Release|Any CPU
	EndGlobalSection
	GlobalSection(SolutionProperties) = preSolution
		HideSolutionNode = FALSE
	EndGlobalSection
	GlobalSection(ProjectConfigurationPlatforms) = postSolution
		{93B3FBEC-5D42-4B64-8A59-4D57E98DE397}.Debug|Any CPU.ActiveCfg = Debug|Any CPU
		{93B3FBEC-5D42-4B64-8A59-4D57E98DE397}.Debug|Any CPU.Build.0 = Debug|Any CPU
		{93B3FBEC-5D42-4B64-8A59-4D57E98DE397}.Release|Any CPU.ActiveCfg = Release|Any CPU
		{93B3FBEC-5D42-4B64-8A59-4D57E98DE397}.Release|Any CPU.Build.0 = Release|Any CPU
		{4DA134E4-D013-4CA9-97BB-C5DC5B4B78E8}.Debug|Any CPU.ActiveCfg = Debug|Any CPU
		{4DA134E4-D013-4CA9-97BB-C5DC5B4B78E8}.Debug|Any CPU.Build.0 = Debug|Any CPU
		{4DA134E4-D013-4CA9-97BB-C5DC5B4B78E8}.Release|Any CPU.ActiveCfg = Release|Any CPU
		{4DA134E4-D013-4CA9-97BB-C5DC5B4B78E8}.Release|Any CPU.Build.0 = Release|Any CPU
	EndGlobalSection
EndGlobal
